Microsoft Visual Studio Solution File, Format Version 12.00
# Visual Studio Version 17
VisualStudioVersion = 17.5.2.0
MinimumVisualStudioVersion = 10.0.40219.1
Project("{FAE04EC0-301F-11D3-BF4B-00C04F79EFBC}") = "populated-ports", "populated-ports.csproj", "{72CF5056-8139-528A-4CE6-E5A3D0CCE7A6}"
EndProject
Global
	GlobalSection(SolutionConfigurationPlatforms) = preSolution
		Debug|Any CPU = Debug|Any CPU
		Release|Any CPU = Release|Any CPU
	EndGlobalSection
	GlobalSection(ProjectConfigurationPlatforms) = postSolution
		{72CF5056-8139-528A-4CE6-E5A3D0CCE7A6}.Debug|Any CPU.ActiveCfg = Debug|Any CPU
		{72CF5056-8139-528A-4CE6-E5A3D0CCE7A6}.Debug|Any CPU.Build.0 = Debug|Any CPU
		{72CF5056-8139-528A-4CE6-E5A3D0CCE7A6}.Release|Any CPU.ActiveCfg = Release|Any CPU
		{72CF5056-8139-528A-4CE6-E5A3D0CCE7A6}.Release|Any CPU.Build.0 = Release|Any CPU
	EndGlobalSection
	GlobalSection(SolutionProperties) = preSolution
		HideSolutionNode = FALSE
	EndGlobalSection
	GlobalSection(ExtensibilityGlobals) = postSolution
		SolutionGuid = {81E1B60F-0EAF-44B5-833D-CBF72A7D52BE}
	EndGlobalSection
EndGlobal
